
Microsoft Visual Studio Solution File, Format Version 12.00
# Visual Studio 15
VisualStudioVersion = 15.0.27703.2026
MinimumVisualStudioVersion = 10.0.40219.1
Project("{FAE04EC0-301F-11D3-BF4B-00C04F79EFBC}") = "Bootstrap", "Bootstrap\Bootstrap.csproj", "{EC4FD07D-EE15-4624-9683-498DF4851C9D}"
EndProject
Global
	GlobalSection(SolutionConfigurationPlatforms) = preSolution
		Debug|Any CPU = Debug|Any CPU
		Release|Any CPU = Release|Any CPU
	EndGlobalSection
	GlobalSection(ProjectConfigurationPlatforms) = postSolution
		{EC4FD07D-EE15-4624-9683-498DF4851C9D}.Debug|Any CPU.ActiveCfg = Debug|Any CPU
		{EC4FD07D-EE15-4624-9683-498DF4851C9D}.Debug|Any CPU.Build.0 = Debug|Any CPU
		{EC4FD07D-EE15-4624-9683-498DF4851C9D}.Release|Any CPU.ActiveCfg = Release|Any CPU
		{EC4FD07D-EE15-4624-9683-498DF4851C9D}.Release|Any CPU.Build.0 = Release|Any CPU
	EndGlobalSection
	GlobalSection(SolutionProperties) = preSolution
		HideSolutionNode = FALSE
	EndGlobalSection
	GlobalSection(ExtensibilityGlobals) = postSolution
		SolutionGuid = {EAF4BD25-D68E-4404-9C9C-A00FFDEF6B57}
	EndGlobalSection
EndGlobal
