
Microsoft Visual Studio Solution File, Format Version 12.00
# Visual Studio 15
VisualStudioVersion = 15.0.27703.2026
MinimumVisualStudioVersion = 10.0.40219.1
Project("{FAE04EC0-301F-11D3-BF4B-00C04F79EFBC}") = "DesignSystem", "DesignSystem\DesignSystem.csproj", "{39A5ABAB-EB5A-4BAB-AE18-435E7719644A}"
EndProject
Project("{FAE04EC0-301F-11D3-BF4B-00C04F79EFBC}") = "DesignSystem.Tests", "DesignSystem.Tests\DesignSystem.Tests.csproj", "{2A278296-BA96-4244-BA8A-E2BEEAFC365C}"
EndProject
Project("{FAE04EC0-301F-11D3-BF4B-00C04F79EFBC}") = "DesignSystem.DemoApp", "DesignSystem.DemoApp\DesignSystem.DemoApp.csproj", "{C89C803F-ACFF-4B4D-B706-6F27101C7BBE}"
EndProject
Global
	GlobalSection(SolutionConfigurationPlatforms) = preSolution
		Debug|Any CPU = Debug|Any CPU
		Release|Any CPU = Release|Any CPU
	EndGlobalSection
	GlobalSection(ProjectConfigurationPlatforms) = postSolution
		{39A5ABAB-EB5A-4BAB-AE18-435E7719644A}.Debug|Any CPU.ActiveCfg = Debug|Any CPU
		{39A5ABAB-EB5A-4BAB-AE18-435E7719644A}.Debug|Any CPU.Build.0 = Debug|Any CPU
		{39A5ABAB-EB5A-4BAB-AE18-435E7719644A}.Release|Any CPU.ActiveCfg = Release|Any CPU
		{39A5ABAB-EB5A-4BAB-AE18-435E7719644A}.Release|Any CPU.Build.0 = Release|Any CPU
		{2A278296-BA96-4244-BA8A-E2BEEAFC365C}.Debug|Any CPU.ActiveCfg = Debug|Any CPU
		{2A278296-BA96-4244-BA8A-E2BEEAFC365C}.Debug|Any CPU.Build.0 = Debug|Any CPU
		{2A278296-BA96-4244-BA8A-E2BEEAFC365C}.Release|Any CPU.ActiveCfg = Release|Any CPU
		{2A278296-BA96-4244-BA8A-E2BEEAFC365C}.Release|Any CPU.Build.0 = Release|Any CPU
		{C89C803F-ACFF-4B4D-B706-6F27101C7BBE}.Debug|Any CPU.ActiveCfg = Debug|Any CPU
		{C89C803F-ACFF-4B4D-B706-6F27101C7BBE}.Debug|Any CPU.Build.0 = Debug|Any CPU
		{C89C803F-ACFF-4B4D-B706-6F27101C7BBE}.Release|Any CPU.ActiveCfg = Release|Any CPU
		{C89C803F-ACFF-4B4D-B706-6F27101C7BBE}.Release|Any CPU.Build.0 = Release|Any CPU
	EndGlobalSection
	GlobalSection(SolutionProperties) = preSolution
		HideSolutionNode = FALSE
	EndGlobalSection
	GlobalSection(ExtensibilityGlobals) = postSolution
		SolutionGuid = {EAF4BD25-D68E-4404-9C9C-A00FFDEF6B57}
	EndGlobalSection
EndGlobal
